Microsoft Visual Studio Solution File, Format Version 12.00
# Visual Studio Version 17
VisualStudioVersion = 17.5.2.0
MinimumVisualStudioVersion = 10.0.40219.1
Project("{FAE04EC0-301F-11D3-BF4B-00C04F79EFBC}") = "PC2_PatrickPonce", "PC2_PatrickPonce.csproj", "{A2E5FCEA-A15C-2D37-3D19-B48EE69F00A1}"
EndProject
Global
	GlobalSection(SolutionConfigurationPlatforms) = preSolution
		Debug|Any CPU = Debug|Any CPU
		Release|Any CPU = Release|Any CPU
	EndGlobalSection
	GlobalSection(ProjectConfigurationPlatforms) = postSolution
		{A2E5FCEA-A15C-2D37-3D19-B48EE69F00A1}.Debug|Any CPU.ActiveCfg = Debug|Any CPU
		{A2E5FCEA-A15C-2D37-3D19-B48EE69F00A1}.Debug|Any CPU.Build.0 = Debug|Any CPU
		{A2E5FCEA-A15C-2D37-3D19-B48EE69F00A1}.Release|Any CPU.ActiveCfg = Release|Any CPU
		{A2E5FCEA-A15C-2D37-3D19-B48EE69F00A1}.Release|Any CPU.Build.0 = Release|Any CPU
	EndGlobalSection
	GlobalSection(SolutionProperties) = preSolution
		HideSolutionNode = FALSE
	EndGlobalSection
	GlobalSection(ExtensibilityGlobals) = postSolution
		SolutionGuid = {CD5974D5-2A74-4571-9E03-0AC2FAA0960F}
	EndGlobalSection
EndGlobal
